
Microsoft Visual Studio Solution File, Format Version 12.00
# Visual Studio 2012
Project("{FAE04EC0-301F-11D3-BF4B-00C04F79EFBC}") = "Charting", "Charting\Charting.csproj", "{DE915AE4-93B3-4ED0-B901-953065E1BC8B}"
EndProject
Global
	GlobalSection(SolutionConfigurationPlatforms) = preSolution
		Debug|Any CPU = Debug|Any CPU
		Release|Any CPU = Release|Any CPU
	EndGlobalSection
	GlobalSection(ProjectConfigurationPlatforms) = postSolution
		{DE915AE4-93B3-4ED0-B901-953065E1BC8B}.Debug|Any CPU.ActiveCfg = Debug|Any CPU
		{DE915AE4-93B3-4ED0-B901-953065E1BC8B}.Debug|Any CPU.Build.0 = Debug|Any CPU
		{DE915AE4-93B3-4ED0-B901-953065E1BC8B}.Release|Any CPU.ActiveCfg = Release|Any CPU
		{DE915AE4-93B3-4ED0-B901-953065E1BC8B}.Release|Any CPU.Build.0 = Release|Any CPU
	EndGlobalSection
	GlobalSection(SolutionProperties) = preSolution
		HideSolutionNode = FALSE
	EndGlobalSection
EndGlobal
